
Microsoft Visual Studio Solution File, Format Version 12.00
# Visual Studio Version 17
VisualStudioVersion = 17.2.32616.157
MinimumVisualStudioVersion = 10.0.40219.1
Project("{FAE04EC0-301F-11D3-BF4B-00C04F79EFBC}") = "LinqProductReviewProject", "LinqProductReviewProject\LinqProductReviewProject.csproj", "{0C94F752-F120-4D3D-AD02-D48F118D1D40}"
EndProject
Global
	GlobalSection(SolutionConfigurationPlatforms) = preSolution
		Debug|Any CPU = Debug|Any CPU
		Release|Any CPU = Release|Any CPU
	EndGlobalSection
	GlobalSection(ProjectConfigurationPlatforms) = postSolution
		{0C94F752-F120-4D3D-AD02-D48F118D1D40}.Debug|Any CPU.ActiveCfg = Debug|Any CPU
		{0C94F752-F120-4D3D-AD02-D48F118D1D40}.Debug|Any CPU.Build.0 = Debug|Any CPU
		{0C94F752-F120-4D3D-AD02-D48F118D1D40}.Release|Any CPU.ActiveCfg = Release|Any CPU
		{0C94F752-F120-4D3D-AD02-D48F118D1D40}.Release|Any CPU.Build.0 = Release|Any CPU
	EndGlobalSection
	GlobalSection(SolutionProperties) = preSolution
		HideSolutionNode = FALSE
	EndGlobalSection
	GlobalSection(ExtensibilityGlobals) = postSolution
		SolutionGuid = {280DC9C1-84B0-4C79-BBEB-1C6BB598321D}
	EndGlobalSection
EndGlobal
